
Microsoft Visual Studio Solution File, Format Version 12.00
# Visual Studio Version 17
VisualStudioVersion = 17.1.32210.238
MinimumVisualStudioVersion = 10.0.40219.1
Project("{FAE04EC0-301F-11D3-BF4B-00C04F79EFBC}") = "Reality.ModLoader", "Reality.ModLoader\Reality.ModLoader.csproj", "{4956FB48-7117-408B-992B-574B4BE48CD9}"
EndProject
Project("{8BC9CEB8-8B4A-11D0-8D11-00A0C91BC942}") = "Reality.Bootstrap", "Reality.Bootstrap\Reality.Bootstrap.vcxproj", "{4F8BDABD-4CC2-42D6-B35F-C85277D126F4}"
EndProject
Global
	GlobalSection(SolutionConfigurationPlatforms) = preSolution
		Debug|Win32 = Debug|Win32
		Debug|x64 = Debug|x64
		Release|Win32 = Release|Win32
		Release|x64 = Release|x64
	EndGlobalSection
	GlobalSection(ProjectConfigurationPlatforms) = postSolution
		{4956FB48-7117-408B-992B-574B4BE48CD9}.Debug|Win32.ActiveCfg = Debug|Any CPU
		{4956FB48-7117-408B-992B-574B4BE48CD9}.Debug|Win32.Build.0 = Debug|Any CPU
		{4956FB48-7117-408B-992B-574B4BE48CD9}.Debug|x64.ActiveCfg = Debug|Any CPU
		{4956FB48-7117-408B-992B-574B4BE48CD9}.Debug|x64.Build.0 = Debug|Any CPU
		{4956FB48-7117-408B-992B-574B4BE48CD9}.Release|Win32.ActiveCfg = Release|Any CPU
		{4956FB48-7117-408B-992B-574B4BE48CD9}.Release|Win32.Build.0 = Release|Any CPU
		{4956FB48-7117-408B-992B-574B4BE48CD9}.Release|x64.ActiveCfg = Release|Any CPU
		{4956FB48-7117-408B-992B-574B4BE48CD9}.Release|x64.Build.0 = Release|Any CPU
		{4F8BDABD-4CC2-42D6-B35F-C85277D126F4}.Debug|Win32.ActiveCfg = Debug|Win32
		{4F8BDABD-4CC2-42D6-B35F-C85277D126F4}.Debug|Win32.Build.0 = Debug|Win32
		{4F8BDABD-4CC2-42D6-B35F-C85277D126F4}.Debug|x64.ActiveCfg = Debug|x64
		{4F8BDABD-4CC2-42D6-B35F-C85277D126F4}.Debug|x64.Build.0 = Debug|x64
		{4F8BDABD-4CC2-42D6-B35F-C85277D126F4}.Release|Win32.ActiveCfg = Release|Win32
		{4F8BDABD-4CC2-42D6-B35F-C85277D126F4}.Release|Win32.Build.0 = Release|Win32
		{4F8BDABD-4CC2-42D6-B35F-C85277D126F4}.Release|x64.ActiveCfg = Release|x64
		{4F8BDABD-4CC2-42D6-B35F-C85277D126F4}.Release|x64.Build.0 = Release|x64
	EndGlobalSection
	GlobalSection(SolutionProperties) = preSolution
		HideSolutionNode = FALSE
	EndGlobalSection
	GlobalSection(ExtensibilityGlobals) = postSolution
		SolutionGuid = {F10F3FC0-11B6-4E1F-825E-B16BD0D47698}
	EndGlobalSection
EndGlobal
